<?xml version="1.0" encoding="utf-8"?>
<Project ToolsVersion="4.0" xmlns="http://schemas.microsoft.com/developer/msbuild/2003">
  <ItemGroup>
    <Filter Include="lv_fs_if">
      <UniqueIdentifier>{4fd35d9b-6021-4e7a-8d55-c6a6640115cb}</UniqueIdentifier>
    </Filter>
    <Filter Include="GeekOS">
      <UniqueIdentifier>{9b591615-1e4d-4631-945e-1f496f814c61}</UniqueIdentifier>
    </Filter>
    <Filter Include="GeekOS\Pages">
      <UniqueIdentifier>{2f4076f1-8070-4266-aca3-d5bdc4ef1d19}</UniqueIdentifier>
    </Filter>
    <Filter Include="GeekOS\Resource">
      <UniqueIdentifier>{f8f6f275-6cba-4556-9196-67431c93e79a}</UniqueIdentifier>
    </Filter>
    <Filter Include="GeekOS\System">
      <UniqueIdentifier>{0223d4b6-fd7d-44c0-8245-30429a675a59}</UniqueIdentifier>
    </Filter>
    <Filter Include="GeekOS\System\PageManager">
      <UniqueIdentifier>{ec11e0cb-4ca3-4e51-a10d-6236d8392c15}</UniqueIdentifier>
    </Filter>
    <Filter Include="GeekOS\Pages\StartUp">
      <UniqueIdentifier>{99711bfc-2245-4cf7-9c27-d6abe14f0b4b}</UniqueIdentifier>
    </Filter>
    <Filter Include="GeekOS\System\lv_ext">
      <UniqueIdentifier>{b23f234d-a29f-49b6-973f-412d04aa3706}</UniqueIdentifier>
    </Filter>
    <Filter Include="GeekOS\Pages\Launcher">
      <UniqueIdentifier>{08ae121d-32e2-4c0a-9d32-e71e175f9efa}</UniqueIdentifier>
    </Filter>
    <Filter Include="GeekOS\System\HAL">
      <UniqueIdentifier>{736209aa-500f-41c2-9ea3-430f545ba104}</UniqueIdentifier>
    </Filter>
    <Filter Include="GeekOS\System\Utils">
      <UniqueIdentifier>{e91c94a9-111d-4db1-8b4d-37b0a2af4c52}</UniqueIdentifier>
    </Filter>
    <Filter Include="GeekOS\Pages\SystemInfos">
      <UniqueIdentifier>{c6f9f425-9f47-4a5d-9ab7-2a352f602f16}</UniqueIdentifier>
    </Filter>
    <Filter Include="GeekOS\Pages\_Template">
      <UniqueIdentifier>{8e5f6dbd-d56b-47a3-b9e3-fbd18c93f577}</UniqueIdentifier>
    </Filter>
    <Filter Include="GeekOS\Resource\Font">
      <UniqueIdentifier>{e58380df-2ead-4608-85db-293c5520a56d}</UniqueIdentifier>
    </Filter>
    <Filter Include="GeekOS\Resource\Image">
      <UniqueIdentifier>{ef0d4245-f088-4dfc-a417-76d87dc9e030}</UniqueIdentifier>
    </Filter>
    <Filter Include="GeekOS\System\DataCenter">
      <UniqueIdentifier>{dc933036-28f6-4549-83ad-96419d829fbc}</UniqueIdentifier>
    </Filter>
    <Filter Include="GeekOS\System\DataCenter\PingPongBuffer">
      <UniqueIdentifier>{67042e04-f745-4459-99b7-2ee502be9c1c}</UniqueIdentifier>
    </Filter>
    <Filter Include="GeekOS\Common">
      <UniqueIdentifier>{80054f58-ad1a-4a22-8ee6-a929b2da2919}</UniqueIdentifier>
    </Filter>
    <Filter Include="GeekOS\Common\DataProc">
      <UniqueIdentifier>{ee2a5cec-4e7d-44f8-8226-915f1b9bed84}</UniqueIdentifier>
    </Filter>
    <Filter Include="LVGL_CORE">
      <UniqueIdentifier>{0812e884-6e5c-4c8d-a3ac-3c455c8508d7}</UniqueIdentifier>
    </Filter>
    <Filter Include="LVGL_CORE\src">
      <UniqueIdentifier>{a679a13c-1a22-432a-b0a1-807d9d2ef978}</UniqueIdentifier>
    </Filter>
    <Filter Include="LVGL_CORE\src\core">
      <UniqueIdentifier>{f6d603b1-a0a7-4ea9-8616-180603803954}</UniqueIdentifier>
    </Filter>
    <Filter Include="LVGL_CORE\src\draw">
      <UniqueIdentifier>{6977241f-cc4a-4c50-928a-8c370a88e991}</UniqueIdentifier>
    </Filter>
    <Filter Include="LVGL_CORE\src\draw\sw">
      <UniqueIdentifier>{88509982-5ca7-4641-af81-d83816ec9896}</UniqueIdentifier>
    </Filter>
    <Filter Include="LVGL_CORE\src\extra">
      <UniqueIdentifier>{bffe39d4-55c8-4ea0-b2fe-932bb0e05a21}</UniqueIdentifier>
    </Filter>
    <Filter Include="LVGL_CORE\src\extra\layouts">
      <UniqueIdentifier>{b2d11cc1-de15-43b8-8613-1fa36d32fada}</UniqueIdentifier>
    </Filter>
    <Filter Include="LVGL_CORE\src\extra\layouts\flex">
      <UniqueIdentifier>{56f33a23-c8fa-4621-a3cb-5bd73605c500}</UniqueIdentifier>
    </Filter>
    <Filter Include="LVGL_CORE\src\extra\layouts\grid">
      <UniqueIdentifier>{663c585b-634d-40ee-b9c7-2bf9aaecb9b3}</UniqueIdentifier>
    </Filter>
    <Filter Include="LVGL_CORE\src\extra\themes">
      <UniqueIdentifier>{6250d797-0435-4bfa-b8f4-0b2feda48ace}</UniqueIdentifier>
    </Filter>
    <Filter Include="LVGL_CORE\src\extra\themes\basic">
      <UniqueIdentifier>{40cdb954-95c0-4d69-bf62-347025ebe50a}</UniqueIdentifier>
    </Filter>
    <Filter Include="LVGL_CORE\src\extra\themes\default">
      <UniqueIdentifier>{2a7e92c4-bb64-4b2e-ba0a-556a6bbafdcd}</UniqueIdentifier>
    </Filter>
    <Filter Include="LVGL_CORE\src\extra\themes\mono">
      <UniqueIdentifier>{19e567ae-ba85-45f0-9ba6-94c9e860b5dd}</UniqueIdentifier>
    </Filter>
    <Filter Include="LVGL_CORE\src\extra\widgets">
      <UniqueIdentifier>{22a317eb-94d2-4cd8-9245-26e7dd1989f6}</UniqueIdentifier>
    </Filter>
    <Filter Include="LVGL_CORE\src\extra\widgets\calendar">
      <UniqueIdentifier>{5d599717-d3fc-419c-ab37-b54e71557c9b}</UniqueIdentifier>
    </Filter>
    <Filter Include="LVGL_CORE\src\extra\widgets\colorwheel">
      <UniqueIdentifier>{6e4e5fdd-e0ed-442e-9f0a-b2f8769b9ed6}</UniqueIdentifier>
    </Filter>
    <Filter Include="LVGL_CORE\src\extra\widgets\imgbtn">
      <UniqueIdentifier>{11732729-6ed9-4807-8abe-a686ca80dfe1}</UniqueIdentifier>
    </Filter>
    <Filter Include="LVGL_CORE\src\extra\widgets\keyboard">
      <UniqueIdentifier>{1d2fee4f-cd9e-40d5-aa21-07604a18c8fe}</UniqueIdentifier>
    </Filter>
    <Filter Include="LVGL_CORE\src\extra\widgets\led">
      <UniqueIdentifier>{45243c4d-8754-4b5a-b04e-7bb84d13541f}</UniqueIdentifier>
    </Filter>
    <Filter Include="LVGL_CORE\src\extra\widgets\list">
      <UniqueIdentifier>{b6349eda-16a8-4793-8bef-563734dda6d4}</UniqueIdentifier>
    </Filter>
    <Filter Include="LVGL_CORE\src\extra\widgets\msgbox">
      <UniqueIdentifier>{1bbf0be6-07c2-4d41-84fc-339187883fe2}</UniqueIdentifier>
    </Filter>
    <Filter Include="LVGL_CORE\src\extra\widgets\spinbox">
      <UniqueIdentifier>{69126bcf-5e0d-459b-a6ac-9dfd49d68bf5}</UniqueIdentifier>
    </Filter>
    <Filter Include="LVGL_CORE\src\extra\widgets\spinner">
      <UniqueIdentifier>{664c5878-d163-4604-a51f-7b44ef7d9f53}</UniqueIdentifier>
    </Filter>
    <Filter Include="LVGL_CORE\src\extra\widgets\tabview">
      <UniqueIdentifier>{cd304c28-d871-43ea-a7e9-7f650b03e78d}</UniqueIdentifier>
    </Filter>
    <Filter Include="LVGL_CORE\src\extra\widgets\tileview">
      <UniqueIdentifier>{45b95651-9c00-4234-820c-d3df83e8df4a}</UniqueIdentifier>
    </Filter>
    <Filter Include="LVGL_CORE\src\extra\widgets\win">
      <UniqueIdentifier>{9997c61e-1808-4459-a8f1-c274dbe3bd88}</UniqueIdentifier>
    </Filter>
    <Filter Include="LVGL_CORE\src\extra\widgets\chart">
      <UniqueIdentifier>{ba4cf77a-84d8-465d-adb1-ff5819847843}</UniqueIdentifier>
    </Filter>
    <Filter Include="LVGL_CORE\src\extra\widgets\meter">
      <UniqueIdentifier>{5dee73ba-3c85-46f6-adf2-020b4ea27f92}</UniqueIdentifier>
    </Filter>
    <Filter Include="LVGL_CORE\src\extra\widgets\span">
      <UniqueIdentifier>{5db124e7-60d6-4b06-9e67-93c83cf70d8c}</UniqueIdentifier>
    </Filter>
    <Filter Include="LVGL_CORE\src\extra\others">
      <UniqueIdentifier>{4d7d9b2e-2c1e-4de6-a499-b1f133ef8b96}</UniqueIdentifier>
    </Filter>
    <Filter Include="LVGL_CORE\src\extra\others\snapshot">
      <UniqueIdentifier>{01012b65-4896-4713-b4b2-bef514bf9245}</UniqueIdentifier>
    </Filter>
    <Filter Include="LVGL_CORE\src\extra\others\monkey">
      <UniqueIdentifier>{92cee91d-e480-462e-914b-c9180dd5aa6a}</UniqueIdentifier>
    </Filter>
    <Filter Include="LVGL_CORE\src\font">
      <UniqueIdentifier>{de920f99-14e4-4ab8-8426-91e0712e3c47}</UniqueIdentifier>
    </Filter>
    <Filter Include="LVGL_CORE\src\gpu">
      <UniqueIdentifier>{d86f8cec-4b9d-4887-a303-93e2dda96b47}</UniqueIdentifier>
    </Filter>
    <Filter Include="LVGL_CORE\src\hal">
      <UniqueIdentifier>{54d56121-ab82-4de1-86b2-ac80e09c14e9}</UniqueIdentifier>
    </Filter>
    <Filter Include="LVGL_CORE\src\misc">
      <UniqueIdentifier>{b9250816-5262-49d5-a2e6-d5c2a03d54d4}</UniqueIdentifier>
    </Filter>
    <Filter Include="LVGL_CORE\src\widgets">
      <UniqueIdentifier>{111a750f-9bc8-4ce3-b248-d39214e7fc4f}</UniqueIdentifier>
    </Filter>
    <Filter Include="LVGL_DRIVERS">
      <UniqueIdentifier>{0b649165-d8f4-4c24-a013-edb079ea77d3}</UniqueIdentifier>
    </Filter>
    <Filter Include="LVGL_DRIVERS\win32drv">
      <UniqueIdentifier>{de587906-6ff7-4047-a78b-01fb2e9f959a}</UniqueIdentifier>
    </Filter>
    <Filter Include="Win32HAL">
      <UniqueIdentifier>{59b2cff4-e9a9-482e-8316-60a8985c898f}</UniqueIdentifier>
    </Filter>
    <Filter Include="Win32HAL\Event">
      <UniqueIdentifier>{66232f7d-021d-4db7-baa0-c6407769d292}</UniqueIdentifier>
    </Filter>
    <Filter Include="Win32HAL\MillisTaskManager">
      <UniqueIdentifier>{a117a0a8-e83f-4271-bdf3-e630af68138b}</UniqueIdentifier>
    </Filter>
  </ItemGroup>
  <ItemGroup>
    <ClInclude Include="lv_fs_if\lv_fs_if.h">
      <Filter>lv_fs_if</Filter>
    </ClInclude>
    <ClInclude Include="..\..\components\GeekOS\System\GeekOS.h">
      <Filter>GeekOS\System</Filter>
    </ClInclude>
    <ClInclude Include="..\..\components\GeekOS\System\Version.h">
      <Filter>GeekOS\System</Filter>
    </ClInclude>
    <ClInclude Include="..\..\components\GeekOS\System\PageManager\PageBase.h">
      <Filter>GeekOS\System\PageManager</Filter>
    </ClInclude>
    <ClInclude Include="..\..\components\GeekOS\System\PageManager\PageFactory.h">
      <Filter>GeekOS\System\PageManager</Filter>
    </ClInclude>
    <ClInclude Include="..\..\components\GeekOS\System\PageManager\PageManager.h">
      <Filter>GeekOS\System\PageManager</Filter>
    </ClInclude>
    <ClInclude Include="..\..\components\GeekOS\System\PageManager\PM_Log.h">
      <Filter>GeekOS\System\PageManager</Filter>
    </ClInclude>
    <ClInclude Include="..\..\components\GeekOS\System\PageManager\ResourceManager.h">
      <Filter>GeekOS\System\PageManager</Filter>
    </ClInclude>
    <ClInclude Include="..\..\components\GeekOS\System\lv_ext\lv_anim_label.h">
      <Filter>GeekOS\System\lv_ext</Filter>
    </ClInclude>
    <ClInclude Include="..\..\components\GeekOS\System\lv_ext\lv_anim_timeline_wrapper.h">
      <Filter>GeekOS\System\lv_ext</Filter>
    </ClInclude>
    <ClInclude Include="..\..\components\GeekOS\System\lv_ext\lv_obj_ext_func.h">
      <Filter>GeekOS\System\lv_ext</Filter>
    </ClInclude>
    <ClInclude Include="..\..\components\GeekOS\System\HAL\HAL.h">
      <Filter>GeekOS\System\HAL</Filter>
    </ClInclude>
    <ClInclude Include="..\..\components\GeekOS\System\HAL\HAL_Def.h">
      <Filter>GeekOS\System\HAL</Filter>
    </ClInclude>
    <ClInclude Include="..\..\components\GeekOS\Resource\ResourcePool.h">
      <Filter>GeekOS\Resource</Filter>
    </ClInclude>
    <ClInclude Include="..\..\components\GeekOS\System\DataCenter\Account.h">
      <Filter>GeekOS\System\DataCenter</Filter>
    </ClInclude>
    <ClInclude Include="..\..\components\GeekOS\System\DataCenter\DataCenter.h">
      <Filter>GeekOS\System\DataCenter</Filter>
    </ClInclude>
    <ClInclude Include="..\..\components\GeekOS\System\DataCenter\DataCenterLog.h">
      <Filter>GeekOS\System\DataCenter</Filter>
    </ClInclude>
    <ClInclude Include="..\..\components\GeekOS\System\DataCenter\PingPongBuffer\PingPongBuffer.h">
      <Filter>GeekOS\System\DataCenter\PingPongBuffer</Filter>
    </ClInclude>
    <ClInclude Include="..\..\components\GeekOS\Pages\AppFactory.h">
      <Filter>GeekOS\Pages</Filter>
    </ClInclude>
    <ClInclude Include="..\..\components\GeekOS\Pages\Page.h">
      <Filter>GeekOS\Pages</Filter>
    </ClInclude>
    <ClInclude Include="..\..\components\GeekOS\Pages\Launcher\Launcher.h">
      <Filter>GeekOS\Pages\Launcher</Filter>
    </ClInclude>
    <ClInclude Include="..\..\components\GeekOS\Pages\Launcher\LauncherModel.h">
      <Filter>GeekOS\Pages\Launcher</Filter>
    </ClInclude>
    <ClInclude Include="..\..\components\GeekOS\Pages\Launcher\LauncherView.h">
      <Filter>GeekOS\Pages\Launcher</Filter>
    </ClInclude>
    <ClInclude Include="..\..\components\GeekOS\Pages\StartUp\StartUp.h">
      <Filter>GeekOS\Pages\StartUp</Filter>
    </ClInclude>
    <ClInclude Include="..\..\components\GeekOS\Pages\StartUp\StartUpModel.h">
      <Filter>GeekOS\Pages\StartUp</Filter>
    </ClInclude>
    <ClInclude Include="..\..\components\GeekOS\Pages\StartUp\StartUpView.h">
      <Filter>GeekOS\Pages\StartUp</Filter>
    </ClInclude>
    <ClInclude Include="..\..\components\GeekOS\Pages\SystemInfos\SystemInfos.h">
      <Filter>GeekOS\Pages\SystemInfos</Filter>
    </ClInclude>
    <ClInclude Include="..\..\components\GeekOS\Pages\SystemInfos\SystemInfosModel.h">
      <Filter>GeekOS\Pages\SystemInfos</Filter>
    </ClInclude>
    <ClInclude Include="..\..\components\GeekOS\Pages\SystemInfos\SystemInfosView.h">
      <Filter>GeekOS\Pages\SystemInfos</Filter>
    </ClInclude>
    <ClInclude Include="..\..\components\GeekHAL\HAL\HAL.h">
      <Filter>Win32HAL</Filter>
    </ClInclude>
    <ClInclude Include="..\..\components\GeekOS\Common\DataProc\DataProc.h">
      <Filter>GeekOS\Common\DataProc</Filter>
    </ClInclude>
    <ClInclude Include="..\..\components\GeekOS\Common\DataProc\DataProc_Def.h">
      <Filter>GeekOS\Common\DataProc</Filter>
    </ClInclude>
    <ClInclude Include="..\..\components\LVGL_CORE\src\widgets\lv_arc.h">
      <Filter>LVGL_CORE\src\widgets</Filter>
    </ClInclude>
    <ClInclude Include="..\..\components\LVGL_CORE\src\widgets\lv_bar.h">
      <Filter>LVGL_CORE\src\widgets</Filter>
    </ClInclude>
    <ClInclude Include="..\..\components\LVGL_CORE\src\widgets\lv_btn.h">
      <Filter>LVGL_CORE\src\widgets</Filter>
    </ClInclude>
    <ClInclude Include="..\..\components\LVGL_CORE\src\widgets\lv_btnmatrix.h">
      <Filter>LVGL_CORE\src\widgets</Filter>
    </ClInclude>
    <ClInclude Include="..\..\components\LVGL_CORE\src\widgets\lv_canvas.h">
      <Filter>LVGL_CORE\src\widgets</Filter>
    </ClInclude>
    <ClInclude Include="..\..\components\LVGL_CORE\src\widgets\lv_checkbox.h">
      <Filter>LVGL_CORE\src\widgets</Filter>
    </ClInclude>
    <ClInclude Include="..\..\components\LVGL_CORE\src\widgets\lv_dropdown.h">
      <Filter>LVGL_CORE\src\widgets</Filter>
    </ClInclude>
    <ClInclude Include="..\..\components\LVGL_CORE\src\widgets\lv_img.h">
      <Filter>LVGL_CORE\src\widgets</Filter>
    </ClInclude>
    <ClInclude Include="..\..\components\LVGL_CORE\src\widgets\lv_label.h">
      <Filter>LVGL_CORE\src\widgets</Filter>
    </ClInclude>
    <ClInclude Include="..\..\components\LVGL_CORE\src\widgets\lv_line.h">
      <Filter>LVGL_CORE\src\widgets</Filter>
    </ClInclude>
    <ClInclude Include="..\..\components\LVGL_CORE\src\widgets\lv_objx_templ.h">
      <Filter>LVGL_CORE\src\widgets</Filter>
    </ClInclude>
    <ClInclude Include="..\..\components\LVGL_CORE\src\widgets\lv_roller.h">
      <Filter>LVGL_CORE\src\widgets</Filter>
    </ClInclude>
    <ClInclude Include="..\..\components\LVGL_CORE\src\widgets\lv_slider.h">
      <Filter>LVGL_CORE\src\widgets</Filter>
    </ClInclude>
    <ClInclude Include="..\..\components\LVGL_CORE\src\widgets\lv_switch.h">
      <Filter>LVGL_CORE\src\widgets</Filter>
    </ClInclude>
    <ClInclude Include="..\..\components\LVGL_CORE\src\widgets\lv_table.h">
      <Filter>LVGL_CORE\src\widgets</Filter>
    </ClInclude>
    <ClInclude Include="..\..\components\LVGL_CORE\src\widgets\lv_textarea.h">
      <Filter>LVGL_CORE\src\widgets</Filter>
    </ClInclude>
    <ClInclude Include="..\..\components\LVGL_CORE\src\lv_api_map.h">
      <Filter>LVGL_CORE\src</Filter>
    </ClInclude>
    <ClInclude Include="..\..\components\LVGL_CORE\src\lv_conf_internal.h">
      <Filter>LVGL_CORE\src</Filter>
    </ClInclude>
    <ClInclude Include="..\..\components\LVGL_CORE\src\lv_conf_kconfig.h">
      <Filter>LVGL_CORE\src</Filter>
    </ClInclude>
    <ClInclude Include="..\..\components\LVGL_CORE\src\lvgl.h">
      <Filter>LVGL_CORE\src</Filter>
    </ClInclude>
    <ClInclude Include="..\..\components\LVGL_CORE\src\misc\lv_anim.h">
      <Filter>LVGL_CORE\src\misc</Filter>
    </ClInclude>
    <ClInclude Include="..\..\components\LVGL_CORE\src\misc\lv_anim_timeline.h">
      <Filter>LVGL_CORE\src\misc</Filter>
    </ClInclude>
    <ClInclude Include="..\..\components\LVGL_CORE\src\misc\lv_area.h">
      <Filter>LVGL_CORE\src\misc</Filter>
    </ClInclude>
    <ClInclude Include="..\..\components\LVGL_CORE\src\misc\lv_assert.h">
      <Filter>LVGL_CORE\src\misc</Filter>
    </ClInclude>
    <ClInclude Include="..\..\components\LVGL_CORE\src\misc\lv_async.h">
      <Filter>LVGL_CORE\src\misc</Filter>
    </ClInclude>
    <ClInclude Include="..\..\components\LVGL_CORE\src\misc\lv_bidi.h">
      <Filter>LVGL_CORE\src\misc</Filter>
    </ClInclude>
    <ClInclude Include="..\..\components\LVGL_CORE\src\misc\lv_color.h">
      <Filter>LVGL_CORE\src\misc</Filter>
    </ClInclude>
    <ClInclude Include="..\..\components\LVGL_CORE\src\misc\lv_fs.h">
      <Filter>LVGL_CORE\src\misc</Filter>
    </ClInclude>
    <ClInclude Include="..\..\components\LVGL_CORE\src\misc\lv_gc.h">
      <Filter>LVGL_CORE\src\misc</Filter>
    </ClInclude>
    <ClInclude Include="..\..\components\LVGL_CORE\src\misc\lv_ll.h">
      <Filter>LVGL_CORE\src\misc</Filter>
    </ClInclude>
    <ClInclude Include="..\..\components\LVGL_CORE\src\misc\lv_log.h">
      <Filter>LVGL_CORE\src\misc</Filter>
    </ClInclude>
    <ClInclude Include="..\..\components\LVGL_CORE\src\misc\lv_math.h">
      <Filter>LVGL_CORE\src\misc</Filter>
    </ClInclude>
    <ClInclude Include="..\..\components\LVGL_CORE\src\misc\lv_mem.h">
      <Filter>LVGL_CORE\src\misc</Filter>
    </ClInclude>
    <ClInclude Include="..\..\components\LVGL_CORE\src\misc\lv_printf.h">
      <Filter>LVGL_CORE\src\misc</Filter>
    </ClInclude>
    <ClInclude Include="..\..\components\LVGL_CORE\src\misc\lv_style.h">
      <Filter>LVGL_CORE\src\misc</Filter>
    </ClInclude>
    <ClInclude Include="..\..\components\LVGL_CORE\src\misc\lv_style_gen.h">
      <Filter>LVGL_CORE\src\misc</Filter>
    </ClInclude>
    <ClInclude Include="..\..\components\LVGL_CORE\src\misc\lv_templ.h">
      <Filter>LVGL_CORE\src\misc</Filter>
    </ClInclude>
    <ClInclude Include="..\..\components\LVGL_CORE\src\misc\lv_timer.h">
      <Filter>LVGL_CORE\src\misc</Filter>
    </ClInclude>
    <ClInclude Include="..\..\components\LVGL_CORE\src\misc\lv_tlsf.h">
      <Filter>LVGL_CORE\src\misc</Filter>
    </ClInclude>
    <ClInclude Include="..\..\components\LVGL_CORE\src\misc\lv_txt.h">
      <Filter>LVGL_CORE\src\misc</Filter>
    </ClInclude>
    <ClInclude Include="..\..\components\LVGL_CORE\src\misc\lv_txt_ap.h">
      <Filter>LVGL_CORE\src\misc</Filter>
    </ClInclude>
    <ClInclude Include="..\..\components\LVGL_CORE\src\misc\lv_types.h">
      <Filter>LVGL_CORE\src\misc</Filter>
    </ClInclude>
    <ClInclude Include="..\..\components\LVGL_CORE\src\misc\lv_utils.h">
      <Filter>LVGL_CORE\src\misc</Filter>
    </ClInclude>
    <ClInclude Include="..\..\components\LVGL_CORE\src\hal\lv_hal.h">
      <Filter>LVGL_CORE\src\hal</Filter>
    </ClInclude>
    <ClInclude Include="..\..\components\LVGL_CORE\src\hal\lv_hal_disp.h">
      <Filter>LVGL_CORE\src\hal</Filter>
    </ClInclude>
    <ClInclude Include="..\..\components\LVGL_CORE\src\hal\lv_hal_indev.h">
      <Filter>LVGL_CORE\src\hal</Filter>
    </ClInclude>
    <ClInclude Include="..\..\components\LVGL_CORE\src\hal\lv_hal_tick.h">
      <Filter>LVGL_CORE\src\hal</Filter>
    </ClInclude>
    <ClInclude Include="..\..\components\LVGL_CORE\src\gpu\lv_gpu_nxp_pxp.h">
      <Filter>LVGL_CORE\src\gpu</Filter>
    </ClInclude>
    <ClInclude Include="..\..\components\LVGL_CORE\src\gpu\lv_gpu_nxp_pxp_osa.h">
      <Filter>LVGL_CORE\src\gpu</Filter>
    </ClInclude>
    <ClInclude Include="..\..\components\LVGL_CORE\src\gpu\lv_gpu_nxp_vglite.h">
      <Filter>LVGL_CORE\src\gpu</Filter>
    </ClInclude>
    <ClInclude Include="..\..\components\LVGL_CORE\src\gpu\lv_gpu_sdl.h">
      <Filter>LVGL_CORE\src\gpu</Filter>
    </ClInclude>
    <ClInclude Include="..\..\components\LVGL_CORE\src\gpu\lv_gpu_stm32_dma2d.h">
      <Filter>LVGL_CORE\src\gpu</Filter>
    </ClInclude>
    <ClInclude Include="..\..\components\LVGL_CORE\src\font\lv_font.h">
      <Filter>LVGL_CORE\src\font</Filter>
    </ClInclude>
    <ClInclude Include="..\..\components\LVGL_CORE\src\font\lv_font_fmt_txt.h">
      <Filter>LVGL_CORE\src\font</Filter>
    </ClInclude>
    <ClInclude Include="..\..\components\LVGL_CORE\src\font\lv_font_loader.h">
      <Filter>LVGL_CORE\src\font</Filter>
    </ClInclude>
    <ClInclude Include="..\..\components\LVGL_CORE\src\font\lv_symbol_def.h">
      <Filter>LVGL_CORE\src\font</Filter>
    </ClInclude>
    <ClInclude Include="..\..\components\LVGL_CORE\src\draw\lv_draw.h">
      <Filter>LVGL_CORE\src\draw</Filter>
    </ClInclude>
    <ClInclude Include="..\..\components\LVGL_CORE\src\draw\lv_draw_arc.h">
      <Filter>LVGL_CORE\src\draw</Filter>
    </ClInclude>
    <ClInclude Include="..\..\components\LVGL_CORE\src\draw\lv_draw_blend.h">
      <Filter>LVGL_CORE\src\draw</Filter>
    </ClInclude>
    <ClInclude Include="..\..\components\LVGL_CORE\src\draw\lv_draw_img.h">
      <Filter>LVGL_CORE\src\draw</Filter>
    </ClInclude>
    <ClInclude Include="..\..\components\LVGL_CORE\src\draw\lv_draw_label.h">
      <Filter>LVGL_CORE\src\draw</Filter>
    </ClInclude>
    <ClInclude Include="..\..\components\LVGL_CORE\src\draw\lv_draw_line.h">
      <Filter>LVGL_CORE\src\draw</Filter>
    </ClInclude>
    <ClInclude Include="..\..\components\LVGL_CORE\src\draw\lv_draw_mask.h">
      <Filter>LVGL_CORE\src\draw</Filter>
    </ClInclude>
    <ClInclude Include="..\..\components\LVGL_CORE\src\draw\lv_draw_rect.h">
      <Filter>LVGL_CORE\src\draw</Filter>
    </ClInclude>
    <ClInclude Include="..\..\components\LVGL_CORE\src\draw\lv_draw_triangle.h">
      <Filter>LVGL_CORE\src\draw</Filter>
    </ClInclude>
    <ClInclude Include="..\..\components\LVGL_CORE\src\draw\lv_img_buf.h">
      <Filter>LVGL_CORE\src\draw</Filter>
    </ClInclude>
    <ClInclude Include="..\..\components\LVGL_CORE\src\draw\lv_img_cache.h">
      <Filter>LVGL_CORE\src\draw</Filter>
    </ClInclude>
    <ClInclude Include="..\..\components\LVGL_CORE\src\draw\lv_img_decoder.h">
      <Filter>LVGL_CORE\src\draw</Filter>
    </ClInclude>
    <ClInclude Include="..\..\components\LVGL_CORE\src\draw\sw\lv_draw_sw.h">
      <Filter>LVGL_CORE\src\draw\sw</Filter>
    </ClInclude>
    <ClInclude Include="..\..\components\LVGL_CORE\src\core\lv_disp.h">
      <Filter>LVGL_CORE\src\core</Filter>
    </ClInclude>
    <ClInclude Include="..\..\components\LVGL_CORE\src\core\lv_event.h">
      <Filter>LVGL_CORE\src\core</Filter>
    </ClInclude>
    <ClInclude Include="..\..\components\LVGL_CORE\src\core\lv_group.h">
      <Filter>LVGL_CORE\src\core</Filter>
    </ClInclude>
    <ClInclude Include="..\..\components\LVGL_CORE\src\core\lv_indev.h">
      <Filter>LVGL_CORE\src\core</Filter>
    </ClInclude>
    <ClInclude Include="..\..\components\LVGL_CORE\src\core\lv_indev_scroll.h">
      <Filter>LVGL_CORE\src\core</Filter>
    </ClInclude>
    <ClInclude Include="..\..\components\LVGL_CORE\src\core\lv_obj.h">
      <Filter>LVGL_CORE\src\core</Filter>
    </ClInclude>
    <ClInclude Include="..\..\components\LVGL_CORE\src\core\lv_obj_class.h">
      <Filter>LVGL_CORE\src\core</Filter>
    </ClInclude>
    <ClInclude Include="..\..\components\LVGL_CORE\src\core\lv_obj_draw.h">
      <Filter>LVGL_CORE\src\core</Filter>
    </ClInclude>
    <ClInclude Include="..\..\components\LVGL_CORE\src\core\lv_obj_pos.h">
      <Filter>LVGL_CORE\src\core</Filter>
    </ClInclude>
    <ClInclude Include="..\..\components\LVGL_CORE\src\core\lv_obj_scroll.h">
      <Filter>LVGL_CORE\src\core</Filter>
    </ClInclude>
    <ClInclude Include="..\..\components\LVGL_CORE\src\core\lv_obj_style.h">
      <Filter>LVGL_CORE\src\core</Filter>
    </ClInclude>
    <ClInclude Include="..\..\components\LVGL_CORE\src\core\lv_obj_style_gen.h">
      <Filter>LVGL_CORE\src\core</Filter>
    </ClInclude>
    <ClInclude Include="..\..\components\LVGL_CORE\src\core\lv_obj_tree.h">
      <Filter>LVGL_CORE\src\core</Filter>
    </ClInclude>
    <ClInclude Include="..\..\components\LVGL_CORE\src\core\lv_refr.h">
      <Filter>LVGL_CORE\src\core</Filter>
    </ClInclude>
    <ClInclude Include="..\..\components\LVGL_CORE\src\core\lv_theme.h">
      <Filter>LVGL_CORE\src\core</Filter>
    </ClInclude>
    <ClInclude Include="..\..\components\LVGL_CORE\src\extra\lv_extra.h">
      <Filter>LVGL_CORE\src\extra</Filter>
    </ClInclude>
    <ClInclude Include="..\..\components\LVGL_CORE\src\extra\layouts\flex\lv_flex.h">
      <Filter>LVGL_CORE\src\extra\layouts\flex</Filter>
    </ClInclude>
    <ClInclude Include="..\..\components\LVGL_CORE\src\extra\layouts\grid\lv_grid.h">
      <Filter>LVGL_CORE\src\extra\layouts\grid</Filter>
    </ClInclude>
    <ClInclude Include="..\..\components\LVGL_CORE\src\extra\layouts\lv_layouts.h">
      <Filter>LVGL_CORE\src\extra\layouts</Filter>
    </ClInclude>
    <ClInclude Include="..\..\components\LVGL_CORE\src\extra\others\monkey\lv_monkey.h">
      <Filter>LVGL_CORE\src\extra\others\monkey</Filter>
    </ClInclude>
    <ClInclude Include="..\..\components\LVGL_CORE\src\extra\others\snapshot\lv_snapshot.h">
      <Filter>LVGL_CORE\src\extra\others\snapshot</Filter>
    </ClInclude>
    <ClInclude Include="..\..\components\LVGL_CORE\src\extra\others\lv_others.h">
      <Filter>LVGL_CORE\src\extra\others</Filter>
    </ClInclude>
    <ClInclude Include="..\..\components\LVGL_CORE\src\extra\widgets\calendar\lv_calendar.h">
      <Filter>LVGL_CORE\src\extra\widgets\calendar</Filter>
    </ClInclude>
    <ClInclude Include="..\..\components\LVGL_CORE\src\extra\widgets\calendar\lv_calendar_header_arrow.h">
      <Filter>LVGL_CORE\src\extra\widgets\calendar</Filter>
    </ClInclude>
    <ClInclude Include="..\..\components\LVGL_CORE\src\extra\widgets\calendar\lv_calendar_header_dropdown.h">
      <Filter>LVGL_CORE\src\extra\widgets\calendar</Filter>
    </ClInclude>
    <ClInclude Include="..\..\components\LVGL_CORE\src\extra\widgets\chart\lv_chart.h">
      <Filter>LVGL_CORE\src\extra\widgets\chart</Filter>
    </ClInclude>
    <ClInclude Include="..\..\components\LVGL_CORE\src\extra\widgets\colorwheel\lv_colorwheel.h">
      <Filter>LVGL_CORE\src\extra\widgets\colorwheel</Filter>
    </ClInclude>
    <ClInclude Include="..\..\components\LVGL_CORE\src\extra\widgets\imgbtn\lv_imgbtn.h">
      <Filter>LVGL_CORE\src\extra\widgets\imgbtn</Filter>
    </ClInclude>
    <ClInclude Include="..\..\components\LVGL_CORE\src\extra\themes\basic\lv_theme_basic.h">
      <Filter>LVGL_CORE\src\extra\themes\basic</Filter>
    </ClInclude>
    <ClInclude Include="..\..\components\LVGL_CORE\src\extra\themes\default\lv_theme_default.h">
      <Filter>LVGL_CORE\src\extra\themes\default</Filter>
    </ClInclude>
    <ClInclude Include="..\..\components\LVGL_CORE\src\extra\themes\mono\lv_theme_mono.h">
      <Filter>LVGL_CORE\src\extra\themes\mono</Filter>
    </ClInclude>
    <ClInclude Include="..\..\components\LVGL_CORE\src\extra\themes\lv_themes.h">
      <Filter>LVGL_CORE\src\extra\themes</Filter>
    </ClInclude>
    <ClInclude Include="..\..\components\LVGL_CORE\src\extra\widgets\lv_widgets.h">
      <Filter>LVGL_CORE\src\extra\widgets</Filter>
    </ClInclude>
    <ClInclude Include="..\..\components\LVGL_CORE\src\extra\widgets\win\lv_win.h">
      <Filter>LVGL_CORE\src\extra\widgets\win</Filter>
    </ClInclude>
    <ClInclude Include="..\..\components\LVGL_CORE\src\extra\widgets\tileview\lv_tileview.h">
      <Filter>LVGL_CORE\src\extra\widgets\tileview</Filter>
    </ClInclude>
    <ClInclude Include="..\..\components\LVGL_CORE\src\extra\widgets\keyboard\lv_keyboard.h">
      <Filter>LVGL_CORE\src\extra\widgets\keyboard</Filter>
    </ClInclude>
    <ClInclude Include="..\..\components\LVGL_CORE\src\extra\widgets\led\lv_led.h">
      <Filter>LVGL_CORE\src\extra\widgets\led</Filter>
    </ClInclude>
    <ClInclude Include="..\..\components\LVGL_CORE\src\extra\widgets\list\lv_list.h">
      <Filter>LVGL_CORE\src\extra\widgets\list</Filter>
    </ClInclude>
    <ClInclude Include="..\..\components\LVGL_CORE\src\extra\widgets\meter\lv_meter.h">
      <Filter>LVGL_CORE\src\extra\widgets\meter</Filter>
    </ClInclude>
    <ClInclude Include="..\..\components\LVGL_CORE\src\extra\widgets\msgbox\lv_msgbox.h">
      <Filter>LVGL_CORE\src\extra\widgets\msgbox</Filter>
    </ClInclude>
    <ClInclude Include="..\..\components\LVGL_CORE\src\extra\widgets\span\lv_span.h">
      <Filter>LVGL_CORE\src\extra\widgets\span</Filter>
    </ClInclude>
    <ClInclude Include="..\..\components\LVGL_CORE\src\extra\widgets\spinbox\lv_spinbox.h">
      <Filter>LVGL_CORE\src\extra\widgets\spinbox</Filter>
    </ClInclude>
    <ClInclude Include="..\..\components\LVGL_CORE\src\extra\widgets\spinner\lv_spinner.h">
      <Filter>LVGL_CORE\src\extra\widgets\spinner</Filter>
    </ClInclude>
    <ClInclude Include="..\..\components\LVGL_CORE\src\extra\widgets\tabview\lv_tabview.h">
      <Filter>LVGL_CORE\src\extra\widgets\tabview</Filter>
    </ClInclude>
    <ClInclude Include="Win32HAL\Event\ButtonEvent.h">
      <Filter>Win32HAL\Event</Filter>
    </ClInclude>
    <ClInclude Include="..\..\components\GeekHAL\HAL\MillisTaskManager\MillisTaskManager.h">
      <Filter>Win32HAL\MillisTaskManager</Filter>
    </ClInclude>
    <ClInclude Include="..\..\components\GeekOS\Pages\_Template\Engine3DType.h">
      <Filter>GeekOS\Pages\_Template</Filter>
    </ClInclude>
    <ClInclude Include="..\..\components\GeekOS\Pages\_Template\MeshCube.h">
      <Filter>GeekOS\Pages\_Template</Filter>
    </ClInclude>
    <ClInclude Include="..\..\components\GeekOS\Pages\_Template\Template.h">
      <Filter>GeekOS\Pages\_Template</Filter>
    </ClInclude>
    <ClInclude Include="..\..\components\GeekOS\Pages\_Template\TemplateModel.h">
      <Filter>GeekOS\Pages\_Template</Filter>
    </ClInclude>
    <ClInclude Include="..\..\components\GeekOS\Pages\_Template\TemplateView.h">
      <Filter>GeekOS\Pages\_Template</Filter>
    </ClInclude>
  </ItemGroup>
  <ItemGroup>
    <ClCompile Include="lv_fs_if\lv_fs_if.c">
      <Filter>lv_fs_if</Filter>
    </ClCompile>
    <ClCompile Include="lv_fs_if\lv_fs_pc.c">
      <Filter>lv_fs_if</Filter>
    </ClCompile>
    <ClCompile Include="lv_fs_if\lv_fs_posix.c">
      <Filter>lv_fs_if</Filter>
    </ClCompile>
    <ClCompile Include="..\..\components\GeekOS\System\GeekOS.cpp">
      <Filter>GeekOS\System</Filter>
    </ClCompile>
    <ClCompile Include="..\..\components\GeekOS\System\PageManager\PageBase.cpp">
      <Filter>GeekOS\System\PageManager</Filter>
    </ClCompile>
    <ClCompile Include="..\..\components\GeekOS\System\PageManager\PM_Anim.cpp">
      <Filter>GeekOS\System\PageManager</Filter>
    </ClCompile>
    <ClCompile Include="..\..\components\GeekOS\System\PageManager\PM_Base.cpp">
      <Filter>GeekOS\System\PageManager</Filter>
    </ClCompile>
    <ClCompile Include="..\..\components\GeekOS\System\PageManager\PM_Drag.cpp">
      <Filter>GeekOS\System\PageManager</Filter>
    </ClCompile>
    <ClCompile Include="..\..\components\GeekOS\System\PageManager\PM_Router.cpp">
      <Filter>GeekOS\System\PageManager</Filter>
    </ClCompile>
    <ClCompile Include="..\..\components\GeekOS\System\PageManager\PM_State.cpp">
      <Filter>GeekOS\System\PageManager</Filter>
    </ClCompile>
    <ClCompile Include="..\..\components\GeekOS\System\PageManager\ResourceManager.cpp">
      <Filter>GeekOS\System\PageManager</Filter>
    </ClCompile>
    <ClCompile Include="..\..\components\GeekOS\System\lv_ext\lv_anim_label.c">
      <Filter>GeekOS\System\lv_ext</Filter>
    </ClCompile>
    <ClCompile Include="..\..\components\GeekOS\System\lv_ext\lv_anim_timeline_wrapper.c">
      <Filter>GeekOS\System\lv_ext</Filter>
    </ClCompile>
    <ClCompile Include="..\..\components\GeekOS\System\lv_ext\lv_obj_ext_func.cpp">
      <Filter>GeekOS\System\lv_ext</Filter>
    </ClCompile>
    <ClCompile Include="..\..\components\GeekOS\Resource\Font\font_agencyb_36.c">
      <Filter>GeekOS\Resource\Font</Filter>
    </ClCompile>
    <ClCompile Include="..\..\components\GeekOS\Resource\Font\font_bahnschrift_13.c">
      <Filter>GeekOS\Resource\Font</Filter>
    </ClCompile>
    <ClCompile Include="..\..\components\GeekOS\Resource\Font\font_bahnschrift_17.c">
      <Filter>GeekOS\Resource\Font</Filter>
    </ClCompile>
    <ClCompile Include="..\..\components\GeekOS\Resource\Font\font_bahnschrift_32.c">
      <Filter>GeekOS\Resource\Font</Filter>
    </ClCompile>
    <ClCompile Include="..\..\components\GeekOS\Resource\Font\font_bahnschrift_65.c">
      <Filter>GeekOS\Resource\Font</Filter>
    </ClCompile>
    <ClCompile Include="..\..\components\GeekOS\Resource\Image\img_src_alarm.c">
      <Filter>GeekOS\Resource\Image</Filter>
    </ClCompile>
    <ClCompile Include="..\..\components\GeekOS\Resource\Image\img_src_battery.c">
      <Filter>GeekOS\Resource\Image</Filter>
    </ClCompile>
    <ClCompile Include="..\..\components\GeekOS\Resource\Image\img_src_battery_info.c">
      <Filter>GeekOS\Resource\Image</Filter>
    </ClCompile>
    <ClCompile Include="..\..\components\GeekOS\Resource\Image\img_src_bicycle.c">
      <Filter>GeekOS\Resource\Image</Filter>
    </ClCompile>
    <ClCompile Include="..\..\components\GeekOS\Resource\Image\img_src_compass.c">
      <Filter>GeekOS\Resource\Image</Filter>
    </ClCompile>
    <ClCompile Include="..\..\components\GeekOS\Resource\Image\img_src_gps_arrow_dark.c">
      <Filter>GeekOS\Resource\Image</Filter>
    </ClCompile>
    <ClCompile Include="..\..\components\GeekOS\Resource\Image\img_src_gps_arrow_default.c">
      <Filter>GeekOS\Resource\Image</Filter>
    </ClCompile>
    <ClCompile Include="..\..\components\GeekOS\Resource\Image\img_src_gps_arrow_light.c">
      <Filter>GeekOS\Resource\Image</Filter>
    </ClCompile>
    <ClCompile Include="..\..\components\GeekOS\Resource\Image\img_src_gps_pin.c">
      <Filter>GeekOS\Resource\Image</Filter>
    </ClCompile>
    <ClCompile Include="..\..\components\GeekOS\Resource\Image\img_src_gyroscope.c">
      <Filter>GeekOS\Resource\Image</Filter>
    </ClCompile>
    <ClCompile Include="..\..\components\GeekOS\Resource\Image\img_src_locate.c">
      <Filter>GeekOS\Resource\Image</Filter>
    </ClCompile>
    <ClCompile Include="..\..\components\GeekOS\Resource\Image\img_src_map_location.c">
      <Filter>GeekOS\Resource\Image</Filter>
    </ClCompile>
    <ClCompile Include="..\..\components\GeekOS\Resource\Image\img_src_menu.c">
      <Filter>GeekOS\Resource\Image</Filter>
    </ClCompile>
    <ClCompile Include="..\..\components\GeekOS\Resource\Image\img_src_origin_point.c">
      <Filter>GeekOS\Resource\Image</Filter>
    </ClCompile>
    <ClCompile Include="..\..\components\GeekOS\Resource\Image\img_src_pause.c">
      <Filter>GeekOS\Resource\Image</Filter>
    </ClCompile>
    <ClCompile Include="..\..\components\GeekOS\Resource\Image\img_src_run_ico_img.c">
      <Filter>GeekOS\Resource\Image</Filter>
    </ClCompile>
    <ClCompile Include="..\..\components\GeekOS\Resource\Image\img_src_satellite.c">
      <Filter>GeekOS\Resource\Image</Filter>
    </ClCompile>
    <ClCompile Include="..\..\components\GeekOS\Resource\Image\img_src_sd_card.c">
      <Filter>GeekOS\Resource\Image</Filter>
    </ClCompile>
    <ClCompile Include="..\..\components\GeekOS\Resource\Image\img_src_start.c">
      <Filter>GeekOS\Resource\Image</Filter>
    </ClCompile>
    <ClCompile Include="..\..\components\GeekOS\Resource\Image\img_src_stop.c">
      <Filter>GeekOS\Resource\Image</Filter>
    </ClCompile>
    <ClCompile Include="..\..\components\GeekOS\Resource\Image\img_src_storage.c">
      <Filter>GeekOS\Resource\Image</Filter>
    </ClCompile>
    <ClCompile Include="..\..\components\GeekOS\Resource\Image\img_src_system_info.c">
      <Filter>GeekOS\Resource\Image</Filter>
    </ClCompile>
    <ClCompile Include="..\..\components\GeekOS\Resource\Image\img_src_time_info.c">
      <Filter>GeekOS\Resource\Image</Filter>
    </ClCompile>
    <ClCompile Include="..\..\components\GeekOS\Resource\Image\img_src_trip.c">
      <Filter>GeekOS\Resource\Image</Filter>
    </ClCompile>
    <ClCompile Include="..\..\components\GeekOS\Resource\ResourcePool.cpp">
      <Filter>GeekOS\Resource</Filter>
    </ClCompile>
    <ClCompile Include="..\..\components\GeekOS\System\DataCenter\Account.cpp">
      <Filter>GeekOS\System\DataCenter</Filter>
    </ClCompile>
    <ClCompile Include="..\..\components\GeekOS\System\DataCenter\DataCenter.cpp">
      <Filter>GeekOS\System\DataCenter</Filter>
    </ClCompile>
    <ClCompile Include="..\..\components\GeekOS\System\DataCenter\PingPongBuffer\PingPongBuffer.c">
      <Filter>GeekOS\System\DataCenter\PingPongBuffer</Filter>
    </ClCompile>
    <ClCompile Include="..\..\components\GeekOS\Pages\AppFactory.cpp">
      <Filter>GeekOS\Pages</Filter>
    </ClCompile>
    <ClCompile Include="..\..\components\GeekOS\Pages\Launcher\Launcher.cpp">
      <Filter>GeekOS\Pages\Launcher</Filter>
    </ClCompile>
    <ClCompile Include="..\..\components\GeekOS\Pages\Launcher\LauncherModel.cpp">
      <Filter>GeekOS\Pages\Launcher</Filter>
    </ClCompile>
    <ClCompile Include="..\..\components\GeekOS\Pages\Launcher\LauncherView.cpp">
      <Filter>GeekOS\Pages\Launcher</Filter>
    </ClCompile>
    <ClCompile Include="..\..\components\GeekOS\Pages\StartUp\StartUp.cpp">
      <Filter>GeekOS\Pages\StartUp</Filter>
    </ClCompile>
    <ClCompile Include="..\..\components\GeekOS\Pages\StartUp\StartUpModel.cpp">
      <Filter>GeekOS\Pages\StartUp</Filter>
    </ClCompile>
    <ClCompile Include="..\..\components\GeekOS\Pages\StartUp\StartUpView.cpp">
      <Filter>GeekOS\Pages\StartUp</Filter>
    </ClCompile>
    <ClCompile Include="..\..\components\GeekOS\Pages\SystemInfos\SystemInfos.cpp">
      <Filter>GeekOS\Pages\SystemInfos</Filter>
    </ClCompile>
    <ClCompile Include="..\..\components\GeekOS\Pages\SystemInfos\SystemInfosModel.cpp">
      <Filter>GeekOS\Pages\SystemInfos</Filter>
    </ClCompile>
    <ClCompile Include="..\..\components\GeekOS\Pages\SystemInfos\SystemInfosView.cpp">
      <Filter>GeekOS\Pages\SystemInfos</Filter>
    </ClCompile>
    <ClCompile Include="..\..\components\GeekHAL\HAL\HAL.cpp">
      <Filter>Win32HAL</Filter>
    </ClCompile>
    <ClCompile Include="..\..\components\GeekOS\Common\DataProc\DataProc.cpp">
      <Filter>GeekOS\Common\DataProc</Filter>
    </ClCompile>
    <ClCompile Include="..\..\components\GeekOS\Common\DataProc\DP_Clock.cpp">
      <Filter>GeekOS\Common\DataProc</Filter>
    </ClCompile>
    <ClCompile Include="..\..\components\LVGL_CORE\src\widgets\lv_arc.c">
      <Filter>LVGL_CORE\src\widgets</Filter>
    </ClCompile>
    <ClCompile Include="..\..\components\LVGL_CORE\src\widgets\lv_bar.c">
      <Filter>LVGL_CORE\src\widgets</Filter>
    </ClCompile>
    <ClCompile Include="..\..\components\LVGL_CORE\src\widgets\lv_btn.c">
      <Filter>LVGL_CORE\src\widgets</Filter>
    </ClCompile>
    <ClCompile Include="..\..\components\LVGL_CORE\src\widgets\lv_btnmatrix.c">
      <Filter>LVGL_CORE\src\widgets</Filter>
    </ClCompile>
    <ClCompile Include="..\..\components\LVGL_CORE\src\widgets\lv_canvas.c">
      <Filter>LVGL_CORE\src\widgets</Filter>
    </ClCompile>
    <ClCompile Include="..\..\components\LVGL_CORE\src\widgets\lv_checkbox.c">
      <Filter>LVGL_CORE\src\widgets</Filter>
    </ClCompile>
    <ClCompile Include="..\..\components\LVGL_CORE\src\widgets\lv_dropdown.c">
      <Filter>LVGL_CORE\src\widgets</Filter>
    </ClCompile>
    <ClCompile Include="..\..\components\LVGL_CORE\src\widgets\lv_img.c">
      <Filter>LVGL_CORE\src\widgets</Filter>
    </ClCompile>
    <ClCompile Include="..\..\components\LVGL_CORE\src\widgets\lv_label.c">
      <Filter>LVGL_CORE\src\widgets</Filter>
    </ClCompile>
    <ClCompile Include="..\..\components\LVGL_CORE\src\widgets\lv_line.c">
      <Filter>LVGL_CORE\src\widgets</Filter>
    </ClCompile>
    <ClCompile Include="..\..\components\LVGL_CORE\src\widgets\lv_objx_templ.c">
      <Filter>LVGL_CORE\src\widgets</Filter>
    </ClCompile>
    <ClCompile Include="..\..\components\LVGL_CORE\src\widgets\lv_roller.c">
      <Filter>LVGL_CORE\src\widgets</Filter>
    </ClCompile>
    <ClCompile Include="..\..\components\LVGL_CORE\src\widgets\lv_slider.c">
      <Filter>LVGL_CORE\src\widgets</Filter>
    </ClCompile>
    <ClCompile Include="..\..\components\LVGL_CORE\src\widgets\lv_switch.c">
      <Filter>LVGL_CORE\src\widgets</Filter>
    </ClCompile>
    <ClCompile Include="..\..\components\LVGL_CORE\src\widgets\lv_table.c">
      <Filter>LVGL_CORE\src\widgets</Filter>
    </ClCompile>
    <ClCompile Include="..\..\components\LVGL_CORE\src\widgets\lv_textarea.c">
      <Filter>LVGL_CORE\src\widgets</Filter>
    </ClCompile>
    <ClCompile Include="..\..\components\LVGL_CORE\src\misc\lv_anim.c">
      <Filter>LVGL_CORE\src\misc</Filter>
    </ClCompile>
    <ClCompile Include="..\..\components\LVGL_CORE\src\misc\lv_anim_timeline.c">
      <Filter>LVGL_CORE\src\misc</Filter>
    </ClCompile>
    <ClCompile Include="..\..\components\LVGL_CORE\src\misc\lv_area.c">
      <Filter>LVGL_CORE\src\misc</Filter>
    </ClCompile>
    <ClCompile Include="..\..\components\LVGL_CORE\src\misc\lv_async.c">
      <Filter>LVGL_CORE\src\misc</Filter>
    </ClCompile>
    <ClCompile Include="..\..\components\LVGL_CORE\src\misc\lv_bidi.c">
      <Filter>LVGL_CORE\src\misc</Filter>
    </ClCompile>
    <ClCompile Include="..\..\components\LVGL_CORE\src\misc\lv_color.c">
      <Filter>LVGL_CORE\src\misc</Filter>
    </ClCompile>
    <ClCompile Include="..\..\components\LVGL_CORE\src\misc\lv_fs.c">
      <Filter>LVGL_CORE\src\misc</Filter>
    </ClCompile>
    <ClCompile Include="..\..\components\LVGL_CORE\src\misc\lv_gc.c">
      <Filter>LVGL_CORE\src\misc</Filter>
    </ClCompile>
    <ClCompile Include="..\..\components\LVGL_CORE\src\misc\lv_ll.c">
      <Filter>LVGL_CORE\src\misc</Filter>
    </ClCompile>
    <ClCompile Include="..\..\components\LVGL_CORE\src\misc\lv_log.c">
      <Filter>LVGL_CORE\src\misc</Filter>
    </ClCompile>
    <ClCompile Include="..\..\components\LVGL_CORE\src\misc\lv_math.c">
      <Filter>LVGL_CORE\src\misc</Filter>
    </ClCompile>
    <ClCompile Include="..\..\components\LVGL_CORE\src\misc\lv_mem.c">
      <Filter>LVGL_CORE\src\misc</Filter>
    </ClCompile>
    <ClCompile Include="..\..\components\LVGL_CORE\src\misc\lv_printf.c">
      <Filter>LVGL_CORE\src\misc</Filter>
    </ClCompile>
    <ClCompile Include="..\..\components\LVGL_CORE\src\misc\lv_style.c">
      <Filter>LVGL_CORE\src\misc</Filter>
    </ClCompile>
    <ClCompile Include="..\..\components\LVGL_CORE\src\misc\lv_style_gen.c">
      <Filter>LVGL_CORE\src\misc</Filter>
    </ClCompile>
    <ClCompile Include="..\..\components\LVGL_CORE\src\misc\lv_templ.c">
      <Filter>LVGL_CORE\src\misc</Filter>
    </ClCompile>
    <ClCompile Include="..\..\components\LVGL_CORE\src\misc\lv_timer.c">
      <Filter>LVGL_CORE\src\misc</Filter>
    </ClCompile>
    <ClCompile Include="..\..\components\LVGL_CORE\src\misc\lv_tlsf.c">
      <Filter>LVGL_CORE\src\misc</Filter>
    </ClCompile>
    <ClCompile Include="..\..\components\LVGL_CORE\src\misc\lv_txt.c">
      <Filter>LVGL_CORE\src\misc</Filter>
    </ClCompile>
    <ClCompile Include="..\..\components\LVGL_CORE\src\misc\lv_txt_ap.c">
      <Filter>LVGL_CORE\src\misc</Filter>
    </ClCompile>
    <ClCompile Include="..\..\components\LVGL_CORE\src\misc\lv_utils.c">
      <Filter>LVGL_CORE\src\misc</Filter>
    </ClCompile>
    <ClCompile Include="..\..\components\LVGL_CORE\src\hal\lv_hal_disp.c">
      <Filter>LVGL_CORE\src\hal</Filter>
    </ClCompile>
    <ClCompile Include="..\..\components\LVGL_CORE\src\hal\lv_hal_indev.c">
      <Filter>LVGL_CORE\src\hal</Filter>
    </ClCompile>
    <ClCompile Include="..\..\components\LVGL_CORE\src\hal\lv_hal_tick.c">
      <Filter>LVGL_CORE\src\hal</Filter>
    </ClCompile>
    <ClCompile Include="..\..\components\LVGL_CORE\src\gpu\lv_gpu_nxp_pxp.c">
      <Filter>LVGL_CORE\src\gpu</Filter>
    </ClCompile>
    <ClCompile Include="..\..\components\LVGL_CORE\src\gpu\lv_gpu_nxp_pxp_osa.c">
      <Filter>LVGL_CORE\src\gpu</Filter>
    </ClCompile>
    <ClCompile Include="..\..\components\LVGL_CORE\src\gpu\lv_gpu_nxp_vglite.c">
      <Filter>LVGL_CORE\src\gpu</Filter>
    </ClCompile>
    <ClCompile Include="..\..\components\LVGL_CORE\src\gpu\lv_gpu_sdl.c">
      <Filter>LVGL_CORE\src\gpu</Filter>
    </ClCompile>
    <ClCompile Include="..\..\components\LVGL_CORE\src\gpu\lv_gpu_stm32_dma2d.c">
      <Filter>LVGL_CORE\src\gpu</Filter>
    </ClCompile>
    <ClCompile Include="..\..\components\LVGL_CORE\src\font\lv_font.c">
      <Filter>LVGL_CORE\src\font</Filter>
    </ClCompile>
    <ClCompile Include="..\..\components\LVGL_CORE\src\font\lv_font_dejavu_16_persian_hebrew.c">
      <Filter>LVGL_CORE\src\font</Filter>
    </ClCompile>
    <ClCompile Include="..\..\components\LVGL_CORE\src\font\lv_font_fmt_txt.c">
      <Filter>LVGL_CORE\src\font</Filter>
    </ClCompile>
    <ClCompile Include="..\..\components\LVGL_CORE\src\font\lv_font_loader.c">
      <Filter>LVGL_CORE\src\font</Filter>
    </ClCompile>
    <ClCompile Include="..\..\components\LVGL_CORE\src\font\lv_font_montserrat_8.c">
      <Filter>LVGL_CORE\src\font</Filter>
    </ClCompile>
    <ClCompile Include="..\..\components\LVGL_CORE\src\font\lv_font_montserrat_10.c">
      <Filter>LVGL_CORE\src\font</Filter>
    </ClCompile>
    <ClCompile Include="..\..\components\LVGL_CORE\src\font\lv_font_montserrat_12.c">
      <Filter>LVGL_CORE\src\font</Filter>
    </ClCompile>
    <ClCompile Include="..\..\components\LVGL_CORE\src\font\lv_font_montserrat_12_subpx.c">
      <Filter>LVGL_CORE\src\font</Filter>
    </ClCompile>
    <ClCompile Include="..\..\components\LVGL_CORE\src\font\lv_font_montserrat_14.c">
      <Filter>LVGL_CORE\src\font</Filter>
    </ClCompile>
    <ClCompile Include="..\..\components\LVGL_CORE\src\font\lv_font_montserrat_16.c">
      <Filter>LVGL_CORE\src\font</Filter>
    </ClCompile>
    <ClCompile Include="..\..\components\LVGL_CORE\src\font\lv_font_montserrat_18.c">
      <Filter>LVGL_CORE\src\font</Filter>
    </ClCompile>
    <ClCompile Include="..\..\components\LVGL_CORE\src\font\lv_font_montserrat_20.c">
      <Filter>LVGL_CORE\src\font</Filter>
    </ClCompile>
    <ClCompile Include="..\..\components\LVGL_CORE\src\font\lv_font_montserrat_22.c">
      <Filter>LVGL_CORE\src\font</Filter>
    </ClCompile>
    <ClCompile Include="..\..\components\LVGL_CORE\src\font\lv_font_montserrat_24.c">
      <Filter>LVGL_CORE\src\font</Filter>
    </ClCompile>
    <ClCompile Include="..\..\components\LVGL_CORE\src\font\lv_font_montserrat_26.c">
      <Filter>LVGL_CORE\src\font</Filter>
    </ClCompile>
    <ClCompile Include="..\..\components\LVGL_CORE\src\font\lv_font_montserrat_28.c">
      <Filter>LVGL_CORE\src\font</Filter>
    </ClCompile>
    <ClCompile Include="..\..\components\LVGL_CORE\src\font\lv_font_montserrat_28_compressed.c">
      <Filter>LVGL_CORE\src\font</Filter>
    </ClCompile>
    <ClCompile Include="..\..\components\LVGL_CORE\src\font\lv_font_montserrat_30.c">
      <Filter>LVGL_CORE\src\font</Filter>
    </ClCompile>
    <ClCompile Include="..\..\components\LVGL_CORE\src\font\lv_font_montserrat_32.c">
      <Filter>LVGL_CORE\src\font</Filter>
    </ClCompile>
    <ClCompile Include="..\..\components\LVGL_CORE\src\font\lv_font_montserrat_34.c">
      <Filter>LVGL_CORE\src\font</Filter>
    </ClCompile>
    <ClCompile Include="..\..\components\LVGL_CORE\src\font\lv_font_montserrat_36.c">
      <Filter>LVGL_CORE\src\font</Filter>
    </ClCompile>
    <ClCompile Include="..\..\components\LVGL_CORE\src\font\lv_font_montserrat_38.c">
      <Filter>LVGL_CORE\src\font</Filter>
    </ClCompile>
    <ClCompile Include="..\..\components\LVGL_CORE\src\font\lv_font_montserrat_40.c">
      <Filter>LVGL_CORE\src\font</Filter>
    </ClCompile>
    <ClCompile Include="..\..\components\LVGL_CORE\src\font\lv_font_montserrat_42.c">
      <Filter>LVGL_CORE\src\font</Filter>
    </ClCompile>
    <ClCompile Include="..\..\components\LVGL_CORE\src\font\lv_font_montserrat_44.c">
      <Filter>LVGL_CORE\src\font</Filter>
    </ClCompile>
    <ClCompile Include="..\..\components\LVGL_CORE\src\font\lv_font_montserrat_46.c">
      <Filter>LVGL_CORE\src\font</Filter>
    </ClCompile>
    <ClCompile Include="..\..\components\LVGL_CORE\src\font\lv_font_montserrat_48.c">
      <Filter>LVGL_CORE\src\font</Filter>
    </ClCompile>
    <ClCompile Include="..\..\components\LVGL_CORE\src\font\lv_font_simsun_16_cjk.c">
      <Filter>LVGL_CORE\src\font</Filter>
    </ClCompile>
    <ClCompile Include="..\..\components\LVGL_CORE\src\font\lv_font_unscii_8.c">
      <Filter>LVGL_CORE\src\font</Filter>
    </ClCompile>
    <ClCompile Include="..\..\components\LVGL_CORE\src\font\lv_font_unscii_16.c">
      <Filter>LVGL_CORE\src\font</Filter>
    </ClCompile>
    <ClCompile Include="..\..\components\LVGL_CORE\src\draw\lv_draw.c">
      <Filter>LVGL_CORE\src\draw</Filter>
    </ClCompile>
    <ClCompile Include="..\..\components\LVGL_CORE\src\draw\lv_draw_arc.c">
      <Filter>LVGL_CORE\src\draw</Filter>
    </ClCompile>
    <ClCompile Include="..\..\components\LVGL_CORE\src\draw\lv_draw_blend.c">
      <Filter>LVGL_CORE\src\draw</Filter>
    </ClCompile>
    <ClCompile Include="..\..\components\LVGL_CORE\src\draw\lv_draw_img.c">
      <Filter>LVGL_CORE\src\draw</Filter>
    </ClCompile>
    <ClCompile Include="..\..\components\LVGL_CORE\src\draw\lv_draw_label.c">
      <Filter>LVGL_CORE\src\draw</Filter>
    </ClCompile>
    <ClCompile Include="..\..\components\LVGL_CORE\src\draw\lv_draw_line.c">
      <Filter>LVGL_CORE\src\draw</Filter>
    </ClCompile>
    <ClCompile Include="..\..\components\LVGL_CORE\src\draw\lv_draw_rect.c">
      <Filter>LVGL_CORE\src\draw</Filter>
    </ClCompile>
    <ClCompile Include="..\..\components\LVGL_CORE\src\draw\lv_draw_triangle.c">
      <Filter>LVGL_CORE\src\draw</Filter>
    </ClCompile>
    <ClCompile Include="..\..\components\LVGL_CORE\src\draw\lv_img_buf.c">
      <Filter>LVGL_CORE\src\draw</Filter>
    </ClCompile>
    <ClCompile Include="..\..\components\LVGL_CORE\src\draw\lv_img_cache.c">
      <Filter>LVGL_CORE\src\draw</Filter>
    </ClCompile>
    <ClCompile Include="..\..\components\LVGL_CORE\src\draw\lv_img_decoder.c">
      <Filter>LVGL_CORE\src\draw</Filter>
    </ClCompile>
    <ClCompile Include="..\..\components\LVGL_CORE\src\draw\sw\lv_draw_sw.c">
      <Filter>LVGL_CORE\src\draw\sw</Filter>
    </ClCompile>
    <ClCompile Include="..\..\components\LVGL_CORE\src\draw\sw\lv_draw_sw_arc.c">
      <Filter>LVGL_CORE\src\draw\sw</Filter>
    </ClCompile>
    <ClCompile Include="..\..\components\LVGL_CORE\src\draw\sw\lv_draw_sw_blend.c">
      <Filter>LVGL_CORE\src\draw\sw</Filter>
    </ClCompile>
    <ClCompile Include="..\..\components\LVGL_CORE\src\draw\sw\lv_draw_sw_img.c">
      <Filter>LVGL_CORE\src\draw\sw</Filter>
    </ClCompile>
    <ClCompile Include="..\..\components\LVGL_CORE\src\draw\sw\lv_draw_sw_letter.c">
      <Filter>LVGL_CORE\src\draw\sw</Filter>
    </ClCompile>
    <ClCompile Include="..\..\components\LVGL_CORE\src\draw\sw\lv_draw_sw_line.c">
      <Filter>LVGL_CORE\src\draw\sw</Filter>
    </ClCompile>
    <ClCompile Include="..\..\components\LVGL_CORE\src\draw\sw\lv_draw_sw_mask.c">
      <Filter>LVGL_CORE\src\draw\sw</Filter>
    </ClCompile>
    <ClCompile Include="..\..\components\LVGL_CORE\src\draw\sw\lv_draw_sw_polygon.c">
      <Filter>LVGL_CORE\src\draw\sw</Filter>
    </ClCompile>
    <ClCompile Include="..\..\components\LVGL_CORE\src\draw\sw\lv_draw_sw_rect.c">
      <Filter>LVGL_CORE\src\draw\sw</Filter>
    </ClCompile>
    <ClCompile Include="..\..\components\LVGL_CORE\src\core\lv_disp.c">
      <Filter>LVGL_CORE\src\core</Filter>
    </ClCompile>
    <ClCompile Include="..\..\components\LVGL_CORE\src\core\lv_event.c">
      <Filter>LVGL_CORE\src\core</Filter>
    </ClCompile>
    <ClCompile Include="..\..\components\LVGL_CORE\src\core\lv_group.c">
      <Filter>LVGL_CORE\src\core</Filter>
    </ClCompile>
    <ClCompile Include="..\..\components\LVGL_CORE\src\core\lv_indev.c">
      <Filter>LVGL_CORE\src\core</Filter>
    </ClCompile>
    <ClCompile Include="..\..\components\LVGL_CORE\src\core\lv_indev_scroll.c">
      <Filter>LVGL_CORE\src\core</Filter>
    </ClCompile>
    <ClCompile Include="..\..\components\LVGL_CORE\src\core\lv_obj.c">
      <Filter>LVGL_CORE\src\core</Filter>
    </ClCompile>
    <ClCompile Include="..\..\components\LVGL_CORE\src\core\lv_obj_class.c">
      <Filter>LVGL_CORE\src\core</Filter>
    </ClCompile>
    <ClCompile Include="..\..\components\LVGL_CORE\src\core\lv_obj_draw.c">
      <Filter>LVGL_CORE\src\core</Filter>
    </ClCompile>
    <ClCompile Include="..\..\components\LVGL_CORE\src\core\lv_obj_pos.c">
      <Filter>LVGL_CORE\src\core</Filter>
    </ClCompile>
    <ClCompile Include="..\..\components\LVGL_CORE\src\core\lv_obj_scroll.c">
      <Filter>LVGL_CORE\src\core</Filter>
    </ClCompile>
    <ClCompile Include="..\..\components\LVGL_CORE\src\core\lv_obj_style.c">
      <Filter>LVGL_CORE\src\core</Filter>
    </ClCompile>
    <ClCompile Include="..\..\components\LVGL_CORE\src\core\lv_obj_style_gen.c">
      <Filter>LVGL_CORE\src\core</Filter>
    </ClCompile>
    <ClCompile Include="..\..\components\LVGL_CORE\src\core\lv_obj_tree.c">
      <Filter>LVGL_CORE\src\core</Filter>
    </ClCompile>
    <ClCompile Include="..\..\components\LVGL_CORE\src\core\lv_refr.c">
      <Filter>LVGL_CORE\src\core</Filter>
    </ClCompile>
    <ClCompile Include="..\..\components\LVGL_CORE\src\core\lv_theme.c">
      <Filter>LVGL_CORE\src\core</Filter>
    </ClCompile>
    <ClCompile Include="..\..\components\LVGL_CORE\src\extra\lv_extra.c">
      <Filter>LVGL_CORE\src\extra</Filter>
    </ClCompile>
    <ClCompile Include="..\..\components\LVGL_CORE\src\extra\layouts\flex\lv_flex.c">
      <Filter>LVGL_CORE\src\extra\layouts\flex</Filter>
    </ClCompile>
    <ClCompile Include="..\..\components\LVGL_CORE\src\extra\layouts\grid\lv_grid.c">
      <Filter>LVGL_CORE\src\extra\layouts\grid</Filter>
    </ClCompile>
    <ClCompile Include="..\..\components\LVGL_CORE\src\extra\others\monkey\lv_monkey.c">
      <Filter>LVGL_CORE\src\extra\others\monkey</Filter>
    </ClCompile>
    <ClCompile Include="..\..\components\LVGL_CORE\src\extra\others\snapshot\lv_snapshot.c">
      <Filter>LVGL_CORE\src\extra\others\snapshot</Filter>
    </ClCompile>
    <ClCompile Include="..\..\components\LVGL_CORE\src\extra\widgets\calendar\lv_calendar.c">
      <Filter>LVGL_CORE\src\extra\widgets\calendar</Filter>
    </ClCompile>
    <ClCompile Include="..\..\components\LVGL_CORE\src\extra\widgets\calendar\lv_calendar_header_arrow.c">
      <Filter>LVGL_CORE\src\extra\widgets\calendar</Filter>
    </ClCompile>
    <ClCompile Include="..\..\components\LVGL_CORE\src\extra\widgets\calendar\lv_calendar_header_dropdown.c">
      <Filter>LVGL_CORE\src\extra\widgets\calendar</Filter>
    </ClCompile>
    <ClCompile Include="..\..\components\LVGL_CORE\src\extra\widgets\chart\lv_chart.c">
      <Filter>LVGL_CORE\src\extra\widgets\chart</Filter>
    </ClCompile>
    <ClCompile Include="..\..\components\LVGL_CORE\src\extra\widgets\colorwheel\lv_colorwheel.c">
      <Filter>LVGL_CORE\src\extra\widgets\colorwheel</Filter>
    </ClCompile>
    <ClCompile Include="..\..\components\LVGL_CORE\src\extra\widgets\imgbtn\lv_imgbtn.c">
      <Filter>LVGL_CORE\src\extra\widgets\imgbtn</Filter>
    </ClCompile>
    <ClCompile Include="..\..\components\LVGL_CORE\src\extra\themes\basic\lv_theme_basic.c">
      <Filter>LVGL_CORE\src\extra\themes\basic</Filter>
    </ClCompile>
    <ClCompile Include="..\..\components\LVGL_CORE\src\extra\themes\default\lv_theme_default.c">
      <Filter>LVGL_CORE\src\extra\themes\default</Filter>
    </ClCompile>
    <ClCompile Include="..\..\components\LVGL_CORE\src\extra\themes\mono\lv_theme_mono.c">
      <Filter>LVGL_CORE\src\extra\themes\mono</Filter>
    </ClCompile>
    <ClCompile Include="..\..\components\LVGL_CORE\src\extra\widgets\win\lv_win.c">
      <Filter>LVGL_CORE\src\extra\widgets\win</Filter>
    </ClCompile>
    <ClCompile Include="..\..\components\LVGL_CORE\src\extra\widgets\tileview\lv_tileview.c">
      <Filter>LVGL_CORE\src\extra\widgets\tileview</Filter>
    </ClCompile>
    <ClCompile Include="..\..\components\LVGL_CORE\src\extra\widgets\keyboard\lv_keyboard.c">
      <Filter>LVGL_CORE\src\extra\widgets\keyboard</Filter>
    </ClCompile>
    <ClCompile Include="..\..\components\LVGL_CORE\src\extra\widgets\led\lv_led.c">
      <Filter>LVGL_CORE\src\extra\widgets\led</Filter>
    </ClCompile>
    <ClCompile Include="..\..\components\LVGL_CORE\src\extra\widgets\list\lv_list.c">
      <Filter>LVGL_CORE\src\extra\widgets\list</Filter>
    </ClCompile>
    <ClCompile Include="..\..\components\LVGL_CORE\src\extra\widgets\meter\lv_meter.c">
      <Filter>LVGL_CORE\src\extra\widgets\meter</Filter>
    </ClCompile>
    <ClCompile Include="..\..\components\LVGL_CORE\src\extra\widgets\msgbox\lv_msgbox.c">
      <Filter>LVGL_CORE\src\extra\widgets\msgbox</Filter>
    </ClCompile>
    <ClCompile Include="..\..\components\LVGL_CORE\src\extra\widgets\span\lv_span.c">
      <Filter>LVGL_CORE\src\extra\widgets\span</Filter>
    </ClCompile>
    <ClCompile Include="..\..\components\LVGL_CORE\src\extra\widgets\spinbox\lv_spinbox.c">
      <Filter>LVGL_CORE\src\extra\widgets\spinbox</Filter>
    </ClCompile>
    <ClCompile Include="..\..\components\LVGL_CORE\src\extra\widgets\spinner\lv_spinner.c">
      <Filter>LVGL_CORE\src\extra\widgets\spinner</Filter>
    </ClCompile>
    <ClCompile Include="..\..\components\LVGL_CORE\src\extra\widgets\tabview\lv_tabview.c">
      <Filter>LVGL_CORE\src\extra\widgets\tabview</Filter>
    </ClCompile>
    <ClCompile Include="Win32HAL\HAL_Button.cpp">
      <Filter>Win32HAL</Filter>
    </ClCompile>
    <ClCompile Include="Win32HAL\HAL_Power.cpp">
      <Filter>Win32HAL</Filter>
    </ClCompile>
    <ClCompile Include="Win32HAL\HAL_SD_CARD.cpp">
      <Filter>Win32HAL</Filter>
    </ClCompile>
    <ClCompile Include="Win32HAL\Event\ButtonEvent.cpp">
      <Filter>Win32HAL\Event</Filter>
    </ClCompile>
    <ClCompile Include="..\..\components\GeekHAL\HAL\MillisTaskManager\MillisTaskManager.cpp">
      <Filter>Win32HAL\MillisTaskManager</Filter>
    </ClCompile>
    <ClCompile Include="..\..\components\GeekHAL\HAL\HAL_MAG.cpp">
      <Filter>Win32HAL</Filter>
    </ClCompile>
    <ClCompile Include="..\..\components\GeekOS\Common\DataProc\DP_IMU.cpp">
      <Filter>GeekOS\Common\DataProc</Filter>
    </ClCompile>
    <ClCompile Include="..\..\components\GeekOS\Common\DataProc\DP_MAG.cpp">
      <Filter>GeekOS\Common\DataProc</Filter>
    </ClCompile>
    <ClCompile Include="Win32HAL\HAL_IMU.cpp">
      <Filter>Win32HAL</Filter>
    </ClCompile>
    <ClCompile Include="..\..\components\GeekOS\Pages\_Template\MeshCube.cpp">
      <Filter>GeekOS\Pages\_Template</Filter>
    </ClCompile>
    <ClCompile Include="..\..\components\GeekOS\Pages\_Template\Template.cpp">
      <Filter>GeekOS\Pages\_Template</Filter>
    </ClCompile>
    <ClCompile Include="..\..\components\GeekOS\Pages\_Template\TemplateModel.cpp">
      <Filter>GeekOS\Pages\_Template</Filter>
    </ClCompile>
    <ClCompile Include="..\..\components\GeekOS\Pages\_Template\TemplateView.cpp">
      <Filter>GeekOS\Pages\_Template</Filter>
    </ClCompile>
  </ItemGroup>
  <ItemGroup>
    <None Include="..\..\components\GeekOS\Common\DataProc\DP_LIST.inc">
      <Filter>GeekOS\Common\DataProc</Filter>
    </None>
    <None Include="..\..\components\LVGL_CORE\src\widgets\lv_widgets.mk">
      <Filter>LVGL_CORE\src\widgets</Filter>
    </None>
    <None Include="..\..\components\LVGL_CORE\src\misc\lv_misc.mk">
      <Filter>LVGL_CORE\src\misc</Filter>
    </None>
    <None Include="..\..\components\LVGL_CORE\src\hal\lv_hal.mk">
      <Filter>LVGL_CORE\src\hal</Filter>
    </None>
    <None Include="..\..\components\LVGL_CORE\src\gpu\lv_gpu.mk">
      <Filter>LVGL_CORE\src\gpu</Filter>
    </None>
    <None Include="..\..\components\LVGL_CORE\src\font\lv_font.mk">
      <Filter>LVGL_CORE\src\font</Filter>
    </None>
    <None Include="..\..\components\LVGL_CORE\src\draw\lv_draw.mk">
      <Filter>LVGL_CORE\src\draw</Filter>
    </None>
    <None Include="..\..\components\LVGL_CORE\src\draw\sw\lv_draw_sw.mk">
      <Filter>LVGL_CORE\src\draw\sw</Filter>
    </None>
    <None Include="..\..\components\LVGL_CORE\src\core\lv_core.mk">
      <Filter>LVGL_CORE\src\core</Filter>
    </None>
    <None Include="..\..\components\LVGL_CORE\src\extra\extra.mk">
      <Filter>LVGL_CORE\src\extra</Filter>
    </None>
  </ItemGroup>
  <ItemGroup>
    <ClInclude Include="lv_drivers\win32drv\win32drv.h">
      <Filter>LVGL_DRIVERS\win32drv</Filter>
    </ClInclude>
  </ItemGroup>
  <ItemGroup>
    <ClCompile Include="lv_drivers\win32drv\win32drv.c">
      <Filter>LVGL_DRIVERS\win32drv</Filter>
    </ClCompile>
  </ItemGroup>
  <ItemGroup>
    <ClInclude Include="lv_drv_conf.h" />
  </ItemGroup>
  <ItemGroup>
    <Manifest Include="LVGL.Simulator.manifest" />
  </ItemGroup>
  <ItemGroup>
    <ClInclude Include="Mile.Project.Properties.h" />
    <ClInclude Include="resource.h" />
  </ItemGroup>
  <ItemGroup>
    <ClCompile Include="LVGL.Simulator.cpp" />
  </ItemGroup>
  <ItemGroup>
    <ResourceCompile Include="LVGL.Simulator.rc" />
  </ItemGroup>
  <ItemGroup>
    <Image Include="LVGL.ico" />
  </ItemGroup>
</Project>