
Microsoft Visual Studio Solution File, Format Version 12.00
# Visual Studio Version 16
VisualStudioVersion = 16.0.32106.194
MinimumVisualStudioVersion = 10.0.40219.1
Project("{8BC9CEB8-8B4A-11D0-8D11-00A0C91BC942}") = "GeekTrackSDK", "Project\GeekTrackSDK.vcxproj", "{9164B430-3793-48FE-9C4C-77745C628E5B}"
EndProject
Global
	GlobalSection(SolutionConfigurationPlatforms) = preSolution
		Debug|x64 = Debug|x64
		Debug|x86 = Debug|x86
		Release(DLL)|x64 = Release(DLL)|x64
		Release(DLL)|x86 = Release(DLL)|x86
		Release(EXE)|x64 = Release(EXE)|x64
		Release(EXE)|x86 = Release(EXE)|x86
	EndGlobalSection
	GlobalSection(ProjectConfigurationPlatforms) = postSolution
		{9164B430-3793-48FE-9C4C-77745C628E5B}.Debug|x64.ActiveCfg = Debug|x64
		{9164B430-3793-48FE-9C4C-77745C628E5B}.Debug|x64.Build.0 = Debug|x64
		{9164B430-3793-48FE-9C4C-77745C628E5B}.Debug|x86.ActiveCfg = Debug|Win32
		{9164B430-3793-48FE-9C4C-77745C628E5B}.Debug|x86.Build.0 = Debug|Win32
		{9164B430-3793-48FE-9C4C-77745C628E5B}.Release(DLL)|x64.ActiveCfg = Release(DLL)|x64
		{9164B430-3793-48FE-9C4C-77745C628E5B}.Release(DLL)|x64.Build.0 = Release(DLL)|x64
		{9164B430-3793-48FE-9C4C-77745C628E5B}.Release(DLL)|x86.ActiveCfg = Release(DLL)|Win32
		{9164B430-3793-48FE-9C4C-77745C628E5B}.Release(DLL)|x86.Build.0 = Release(DLL)|Win32
		{9164B430-3793-48FE-9C4C-77745C628E5B}.Release(EXE)|x64.ActiveCfg = Release|x64
		{9164B430-3793-48FE-9C4C-77745C628E5B}.Release(EXE)|x64.Build.0 = Release|x64
		{9164B430-3793-48FE-9C4C-77745C628E5B}.Release(EXE)|x86.ActiveCfg = Release|Win32
		{9164B430-3793-48FE-9C4C-77745C628E5B}.Release(EXE)|x86.Build.0 = Release|Win32
	EndGlobalSection
	GlobalSection(SolutionProperties) = preSolution
		HideSolutionNode = FALSE
	EndGlobalSection
	GlobalSection(ExtensibilityGlobals) = postSolution
		SolutionGuid = {9E9DAEF7-BA4A-4FC9-9AD3-C055B24E1C8F}
	EndGlobalSection
EndGlobal
